
Microsoft Visual Studio Solution File, Format Version 12.00
# Visual Studio Version 17
VisualStudioVersion = 17.8.34511.84
MinimumVisualStudioVersion = 10.0.40219.1
Project("{9A19103F-16F7-4668-BE54-9A1E7A4F7556}") = "Demo01.Bibliotheque", "Demo01.Bibliotheque\Demo01.Bibliotheque.csproj", "{E92FD970-3979-41B5-A2BF-1D1D4BD554D1}"
EndProject
Project("{FAE04EC0-301F-11D3-BF4B-00C04F79EFBC}") = "Demo01.Tests", "Demo01.Tests\Demo01.Tests.csproj", "{23B7CE10-BDED-4ACB-B5DF-CD88E123B41B}"
EndProject
Project("{2150E333-8FDC-42A3-9474-1A3956D46DE8}") = "Demos", "Demos", "{D9A764E3-9D67-42C1-BE73-88F41E461DC7}"
EndProject
Project("{2150E333-8FDC-42A3-9474-1A3956D46DE8}") = "Demo01", "Demo01", "{BAD66F7B-EA75-4D6D-890F-A4777EC0D6FF}"
EndProject
Project("{2150E333-8FDC-42A3-9474-1A3956D46DE8}") = "Exercices", "Exercices", "{34BBABCB-024B-463C-9A7D-DFB4313D7107}"
EndProject
Project("{FAE04EC0-301F-11D3-BF4B-00C04F79EFBC}") = "Demo01.TestsNUnit", "Demo01.TestsNUnit\Demo01.TestsNUnit.csproj", "{5D5472FD-1A0C-43FA-A6BF-A3BE28EF51DD}"
EndProject
Project("{FAE04EC0-301F-11D3-BF4B-00C04F79EFBC}") = "Demo01.TestsXUnit", "Demo01.TestsXUnit\Demo01.TestsXUnit.csproj", "{9B9072BC-7BF2-4B80-9431-E40388F51188}"
EndProject
Project("{FAE04EC0-301F-11D3-BF4B-00C04F79EFBC}") = "Exercice01.Bibliotheque", "Exercice01.Bibliotheque\Exercice01.Bibliotheque.csproj", "{343613D7-2D01-4397-8201-F92C48949E7B}"
EndProject
Project("{FAE04EC0-301F-11D3-BF4B-00C04F79EFBC}") = "Exercice01.Tests", "Exercice01.Tests\Exercice01.Tests.csproj", "{2605E7EA-447E-4A34-A48E-CD4CB7A2BA0A}"
EndProject
Project("{FAE04EC0-301F-11D3-BF4B-00C04F79EFBC}") = "Exercice01.MSTest", "Exercice01.MSTest\Exercice01.MSTest.csproj", "{2D77362E-A885-4B51-BC11-83129E01EE60}"
EndProject
Project("{FAE04EC0-301F-11D3-BF4B-00C04F79EFBC}") = "Exercice01.xUnit", "Exercice01.xUnit\Exercice01.xUnit.csproj", "{C5186B70-C128-47F6-90DB-81453F730C97}"
EndProject
Global
	GlobalSection(SolutionConfigurationPlatforms) = preSolution
		Debug|Any CPU = Debug|Any CPU
		Release|Any CPU = Release|Any CPU
	EndGlobalSection
	GlobalSection(ProjectConfigurationPlatforms) = postSolution
		{E92FD970-3979-41B5-A2BF-1D1D4BD554D1}.Debug|Any CPU.ActiveCfg = Debug|Any CPU
		{E92FD970-3979-41B5-A2BF-1D1D4BD554D1}.Debug|Any CPU.Build.0 = Debug|Any CPU
		{E92FD970-3979-41B5-A2BF-1D1D4BD554D1}.Release|Any CPU.ActiveCfg = Release|Any CPU
		{E92FD970-3979-41B5-A2BF-1D1D4BD554D1}.Release|Any CPU.Build.0 = Release|Any CPU
		{23B7CE10-BDED-4ACB-B5DF-CD88E123B41B}.Debug|Any CPU.ActiveCfg = Debug|Any CPU
		{23B7CE10-BDED-4ACB-B5DF-CD88E123B41B}.Debug|Any CPU.Build.0 = Debug|Any CPU
		{23B7CE10-BDED-4ACB-B5DF-CD88E123B41B}.Release|Any CPU.ActiveCfg = Release|Any CPU
		{23B7CE10-BDED-4ACB-B5DF-CD88E123B41B}.Release|Any CPU.Build.0 = Release|Any CPU
		{5D5472FD-1A0C-43FA-A6BF-A3BE28EF51DD}.Debug|Any CPU.ActiveCfg = Debug|Any CPU
		{5D5472FD-1A0C-43FA-A6BF-A3BE28EF51DD}.Debug|Any CPU.Build.0 = Debug|Any CPU
		{5D5472FD-1A0C-43FA-A6BF-A3BE28EF51DD}.Release|Any CPU.ActiveCfg = Release|Any CPU
		{5D5472FD-1A0C-43FA-A6BF-A3BE28EF51DD}.Release|Any CPU.Build.0 = Release|Any CPU
		{9B9072BC-7BF2-4B80-9431-E40388F51188}.Debug|Any CPU.ActiveCfg = Debug|Any CPU
		{9B9072BC-7BF2-4B80-9431-E40388F51188}.Debug|Any CPU.Build.0 = Debug|Any CPU
		{9B9072BC-7BF2-4B80-9431-E40388F51188}.Release|Any CPU.ActiveCfg = Release|Any CPU
		{9B9072BC-7BF2-4B80-9431-E40388F51188}.Release|Any CPU.Build.0 = Release|Any CPU
		{343613D7-2D01-4397-8201-F92C48949E7B}.Debug|Any CPU.ActiveCfg = Debug|Any CPU
		{343613D7-2D01-4397-8201-F92C48949E7B}.Debug|Any CPU.Build.0 = Debug|Any CPU
		{343613D7-2D01-4397-8201-F92C48949E7B}.Release|Any CPU.ActiveCfg = Release|Any CPU
		{343613D7-2D01-4397-8201-F92C48949E7B}.Release|Any CPU.Build.0 = Release|Any CPU
		{2605E7EA-447E-4A34-A48E-CD4CB7A2BA0A}.Debug|Any CPU.ActiveCfg = Debug|Any CPU
		{2605E7EA-447E-4A34-A48E-CD4CB7A2BA0A}.Debug|Any CPU.Build.0 = Debug|Any CPU
		{2605E7EA-447E-4A34-A48E-CD4CB7A2BA0A}.Release|Any CPU.ActiveCfg = Release|Any CPU
		{2605E7EA-447E-4A34-A48E-CD4CB7A2BA0A}.Release|Any CPU.Build.0 = Release|Any CPU
		{2D77362E-A885-4B51-BC11-83129E01EE60}.Debug|Any CPU.ActiveCfg = Debug|Any CPU
		{2D77362E-A885-4B51-BC11-83129E01EE60}.Debug|Any CPU.Build.0 = Debug|Any CPU
		{2D77362E-A885-4B51-BC11-83129E01EE60}.Release|Any CPU.ActiveCfg = Release|Any CPU
		{2D77362E-A885-4B51-BC11-83129E01EE60}.Release|Any CPU.Build.0 = Release|Any CPU
		{C5186B70-C128-47F6-90DB-81453F730C97}.Debug|Any CPU.ActiveCfg = Debug|Any CPU
		{C5186B70-C128-47F6-90DB-81453F730C97}.Debug|Any CPU.Build.0 = Debug|Any CPU
		{C5186B70-C128-47F6-90DB-81453F730C97}.Release|Any CPU.ActiveCfg = Release|Any CPU
		{C5186B70-C128-47F6-90DB-81453F730C97}.Release|Any CPU.Build.0 = Release|Any CPU
	EndGlobalSection
	GlobalSection(SolutionProperties) = preSolution
		HideSolutionNode = FALSE
	EndGlobalSection
	GlobalSection(NestedProjects) = preSolution
		{E92FD970-3979-41B5-A2BF-1D1D4BD554D1} = {BAD66F7B-EA75-4D6D-890F-A4777EC0D6FF}
		{23B7CE10-BDED-4ACB-B5DF-CD88E123B41B} = {BAD66F7B-EA75-4D6D-890F-A4777EC0D6FF}
		{BAD66F7B-EA75-4D6D-890F-A4777EC0D6FF} = {D9A764E3-9D67-42C1-BE73-88F41E461DC7}
		{5D5472FD-1A0C-43FA-A6BF-A3BE28EF51DD} = {BAD66F7B-EA75-4D6D-890F-A4777EC0D6FF}
		{9B9072BC-7BF2-4B80-9431-E40388F51188} = {BAD66F7B-EA75-4D6D-890F-A4777EC0D6FF}
		{343613D7-2D01-4397-8201-F92C48949E7B} = {34BBABCB-024B-463C-9A7D-DFB4313D7107}
		{2605E7EA-447E-4A34-A48E-CD4CB7A2BA0A} = {34BBABCB-024B-463C-9A7D-DFB4313D7107}
		{2D77362E-A885-4B51-BC11-83129E01EE60} = {34BBABCB-024B-463C-9A7D-DFB4313D7107}
		{C5186B70-C128-47F6-90DB-81453F730C97} = {34BBABCB-024B-463C-9A7D-DFB4313D7107}
	EndGlobalSection
	GlobalSection(ExtensibilityGlobals) = postSolution
		SolutionGuid = {E6D56A2F-B268-41B9-9F84-4EB16C37613F}
	EndGlobalSection
EndGlobal
